
Microsoft Visual Studio Solution File, Format Version 12.00
# Visual Studio Version 17
VisualStudioVersion = 17.6.33829.357
MinimumVisualStudioVersion = 10.0.40219.1
Project("{FAE04EC0-301F-11D3-BF4B-00C04F79EFBC}") = "UserDataAPI", "UserDataAPI\UserDataAPI.csproj", "{49EA7502-A644-4D31-9346-9987AA068055}"
EndProject
Global
	GlobalSection(SolutionConfigurationPlatforms) = preSolution
		Debug|Any CPU = Debug|Any CPU
		Release|Any CPU = Release|Any CPU
	EndGlobalSection
	GlobalSection(ProjectConfigurationPlatforms) = postSolution
		{49EA7502-A644-4D31-9346-9987AA068055}.Debug|Any CPU.ActiveCfg = Debug|Any CPU
		{49EA7502-A644-4D31-9346-9987AA068055}.Debug|Any CPU.Build.0 = Debug|Any CPU
		{49EA7502-A644-4D31-9346-9987AA068055}.Release|Any CPU.ActiveCfg = Release|Any CPU
		{49EA7502-A644-4D31-9346-9987AA068055}.Release|Any CPU.Build.0 = Release|Any CPU
	EndGlobalSection
	GlobalSection(SolutionProperties) = preSolution
		HideSolutionNode = FALSE
	EndGlobalSection
	GlobalSection(ExtensibilityGlobals) = postSolution
		SolutionGuid = {3D1EDB67-32FC-4FED-B4F5-8443FDD83D5E}
	EndGlobalSection
EndGlobal
